
Microsoft Visual Studio Solution File, Format Version 12.00
# Visual Studio Version 17
VisualStudioVersion = 17.0.31903.59
MinimumVisualStudioVersion = 10.0.40219.1
Project("{FAE04EC0-301F-11D3-BF4B-00C04F79EFBC}") = "TimeFlow.Api", "TimeFlow.Api\TimeFlow.Api.csproj", "{FFF8E67D-A481-4E12-B8A5-4DFFAD4D6AD5}"
EndProject
Project("{FAE04EC0-301F-11D3-BF4B-00C04F79EFBC}") = "TimeFlow.Auth", "TimeFlow.Auth\TimeFlow.Auth.csproj", "{51171771-988F-4747-BFC3-40E002441F67}"
EndProject
Project("{FAE04EC0-301F-11D3-BF4B-00C04F79EFBC}") = "TimeFlow.Data", "TimeFlow.Data\TimeFlow.Data.csproj", "{4D53F427-7535-40E8-BBAA-B289B9768820}"
EndProject
Project("{FAE04EC0-301F-11D3-BF4B-00C04F79EFBC}") = "TimeFlow.Domain", "TimeFlow.Domain\TimeFlow.Domain.csproj", "{3005245F-2A45-402A-8FA6-A3E6A4EAAA0F}"
EndProject
Project("{FAE04EC0-301F-11D3-BF4B-00C04F79EFBC}") = "TimeFlow.Cache", "TimeFlow.Cache\TimeFlow.Cache.csproj", "{8344CECD-E8CD-4CF5-9C15-E985324B567E}"
EndProject
Project("{FAE04EC0-301F-11D3-BF4B-00C04F79EFBC}") = "TimeFlow.Rbac", "TimeFlow.Rbac\TimeFlow.Rbac.csproj", "{0C827E25-120B-403E-938B-05EC965F5E55}"
EndProject
Project("{FAE04EC0-301F-11D3-BF4B-00C04F79EFBC}") = "TimeFlow.Vault", "TimeFlow.Vault\TimeFlow.Vault.csproj", "{8858AEB5-5808-4BE3-A6E4-C90F84275EAD}"
EndProject
Project("{FAE04EC0-301F-11D3-BF4B-00C04F79EFBC}") = "TimeFlow.Integrations", "TimeFlow.Integrations\TimeFlow.Integrations.csproj", "{C17B4B4C-7A57-487D-B71C-D36217D4204C}"
EndProject
Project("{FAE04EC0-301F-11D3-BF4B-00C04F79EFBC}") = "TimeFlow.Ai", "TimeFlow.Ai\TimeFlow.Ai.csproj", "{A0A5DA2A-852D-439D-868A-933589430E7A}"
EndProject
Project("{FAE04EC0-301F-11D3-BF4B-00C04F79EFBC}") = "TimeFlow.Billing", "TimeFlow.Billing\TimeFlow.Billing.csproj", "{3C1FDA14-B571-411A-BBDD-E265EA801E04}"
EndProject
Global
	GlobalSection(SolutionConfigurationPlatforms) = preSolution
		Debug|Any CPU = Debug|Any CPU
		Debug|x64 = Debug|x64
		Debug|x86 = Debug|x86
		Release|Any CPU = Release|Any CPU
		Release|x64 = Release|x64
		Release|x86 = Release|x86
	EndGlobalSection
	GlobalSection(ProjectConfigurationPlatforms) = postSolution
		{FFF8E67D-A481-4E12-B8A5-4DFFAD4D6AD5}.Debug|Any CPU.ActiveCfg = Debug|Any CPU
		{FFF8E67D-A481-4E12-B8A5-4DFFAD4D6AD5}.Debug|Any CPU.Build.0 = Debug|Any CPU
		{FFF8E67D-A481-4E12-B8A5-4DFFAD4D6AD5}.Debug|x64.ActiveCfg = Debug|Any CPU
		{FFF8E67D-A481-4E12-B8A5-4DFFAD4D6AD5}.Debug|x64.Build.0 = Debug|Any CPU
		{FFF8E67D-A481-4E12-B8A5-4DFFAD4D6AD5}.Debug|x86.ActiveCfg = Debug|Any CPU
		{FFF8E67D-A481-4E12-B8A5-4DFFAD4D6AD5}.Debug|x86.Build.0 = Debug|Any CPU
		{FFF8E67D-A481-4E12-B8A5-4DFFAD4D6AD5}.Release|Any CPU.ActiveCfg = Release|Any CPU
		{FFF8E67D-A481-4E12-B8A5-4DFFAD4D6AD5}.Release|Any CPU.Build.0 = Release|Any CPU
		{FFF8E67D-A481-4E12-B8A5-4DFFAD4D6AD5}.Release|x64.ActiveCfg = Release|Any CPU
		{FFF8E67D-A481-4E12-B8A5-4DFFAD4D6AD5}.Release|x64.Build.0 = Release|Any CPU
		{FFF8E67D-A481-4E12-B8A5-4DFFAD4D6AD5}.Release|x86.ActiveCfg = Release|Any CPU
		{FFF8E67D-A481-4E12-B8A5-4DFFAD4D6AD5}.Release|x86.Build.0 = Release|Any CPU
		{51171771-988F-4747-BFC3-40E002441F67}.Debug|Any CPU.ActiveCfg = Debug|Any CPU
		{51171771-988F-4747-BFC3-40E002441F67}.Debug|Any CPU.Build.0 = Debug|Any CPU
		{51171771-988F-4747-BFC3-40E002441F67}.Debug|x64.ActiveCfg = Debug|Any CPU
		{51171771-988F-4747-BFC3-40E002441F67}.Debug|x64.Build.0 = Debug|Any CPU
		{51171771-988F-4747-BFC3-40E002441F67}.Debug|x86.ActiveCfg = Debug|Any CPU
		{51171771-988F-4747-BFC3-40E002441F67}.Debug|x86.Build.0 = Debug|Any CPU
		{51171771-988F-4747-BFC3-40E002441F67}.Release|Any CPU.ActiveCfg = Release|Any CPU
		{51171771-988F-4747-BFC3-40E002441F67}.Release|Any CPU.Build.0 = Release|Any CPU
		{51171771-988F-4747-BFC3-40E002441F67}.Release|x64.ActiveCfg = Release|Any CPU
		{51171771-988F-4747-BFC3-40E002441F67}.Release|x64.Build.0 = Release|Any CPU
		{51171771-988F-4747-BFC3-40E002441F67}.Release|x86.ActiveCfg = Release|Any CPU
		{51171771-988F-4747-BFC3-40E002441F67}.Release|x86.Build.0 = Release|Any CPU
		{4D53F427-7535-40E8-BBAA-B289B9768820}.Debug|Any CPU.ActiveCfg = Debug|Any CPU
		{4D53F427-7535-40E8-BBAA-B289B9768820}.Debug|Any CPU.Build.0 = Debug|Any CPU
		{4D53F427-7535-40E8-BBAA-B289B9768820}.Debug|x64.ActiveCfg = Debug|Any CPU
		{4D53F427-7535-40E8-BBAA-B289B9768820}.Debug|x64.Build.0 = Debug|Any CPU
		{4D53F427-7535-40E8-BBAA-B289B9768820}.Debug|x86.ActiveCfg = Debug|Any CPU
		{4D53F427-7535-40E8-BBAA-B289B9768820}.Debug|x86.Build.0 = Debug|Any CPU
		{4D53F427-7535-40E8-BBAA-B289B9768820}.Release|Any CPU.ActiveCfg = Release|Any CPU
		{4D53F427-7535-40E8-BBAA-B289B9768820}.Release|Any CPU.Build.0 = Release|Any CPU
		{4D53F427-7535-40E8-BBAA-B289B9768820}.Release|x64.ActiveCfg = Release|Any CPU
		{4D53F427-7535-40E8-BBAA-B289B9768820}.Release|x64.Build.0 = Release|Any CPU
		{4D53F427-7535-40E8-BBAA-B289B9768820}.Release|x86.ActiveCfg = Release|Any CPU
		{4D53F427-7535-40E8-BBAA-B289B9768820}.Release|x86.Build.0 = Release|Any CPU
		{3005245F-2A45-402A-8FA6-A3E6A4EAAA0F}.Debug|Any CPU.ActiveCfg = Debug|Any CPU
		{3005245F-2A45-402A-8FA6-A3E6A4EAAA0F}.Debug|Any CPU.Build.0 = Debug|Any CPU
		{3005245F-2A45-402A-8FA6-A3E6A4EAAA0F}.Debug|x64.ActiveCfg = Debug|Any CPU
		{3005245F-2A45-402A-8FA6-A3E6A4EAAA0F}.Debug|x64.Build.0 = Debug|Any CPU
		{3005245F-2A45-402A-8FA6-A3E6A4EAAA0F}.Debug|x86.ActiveCfg = Debug|Any CPU
		{3005245F-2A45-402A-8FA6-A3E6A4EAAA0F}.Debug|x86.Build.0 = Debug|Any CPU
		{3005245F-2A45-402A-8FA6-A3E6A4EAAA0F}.Release|Any CPU.ActiveCfg = Release|Any CPU
		{3005245F-2A45-402A-8FA6-A3E6A4EAAA0F}.Release|Any CPU.Build.0 = Release|Any CPU
		{3005245F-2A45-402A-8FA6-A3E6A4EAAA0F}.Release|x64.ActiveCfg = Release|Any CPU
		{3005245F-2A45-402A-8FA6-A3E6A4EAAA0F}.Release|x64.Build.0 = Release|Any CPU
		{3005245F-2A45-402A-8FA6-A3E6A4EAAA0F}.Release|x86.ActiveCfg = Release|Any CPU
		{3005245F-2A45-402A-8FA6-A3E6A4EAAA0F}.Release|x86.Build.0 = Release|Any CPU
		{8344CECD-E8CD-4CF5-9C15-E985324B567E}.Debug|Any CPU.ActiveCfg = Debug|Any CPU
		{8344CECD-E8CD-4CF5-9C15-E985324B567E}.Debug|Any CPU.Build.0 = Debug|Any CPU
		{8344CECD-E8CD-4CF5-9C15-E985324B567E}.Debug|x64.ActiveCfg = Debug|Any CPU
		{8344CECD-E8CD-4CF5-9C15-E985324B567E}.Debug|x64.Build.0 = Debug|Any CPU
		{8344CECD-E8CD-4CF5-9C15-E985324B567E}.Debug|x86.ActiveCfg = Debug|Any CPU
		{8344CECD-E8CD-4CF5-9C15-E985324B567E}.Debug|x86.Build.0 = Debug|Any CPU
		{8344CECD-E8CD-4CF5-9C15-E985324B567E}.Release|Any CPU.ActiveCfg = Release|Any CPU
		{8344CECD-E8CD-4CF5-9C15-E985324B567E}.Release|Any CPU.Build.0 = Release|Any CPU
		{8344CECD-E8CD-4CF5-9C15-E985324B567E}.Release|x64.ActiveCfg = Release|Any CPU
		{8344CECD-E8CD-4CF5-9C15-E985324B567E}.Release|x64.Build.0 = Release|Any CPU
		{8344CECD-E8CD-4CF5-9C15-E985324B567E}.Release|x86.ActiveCfg = Release|Any CPU
		{8344CECD-E8CD-4CF5-9C15-E985324B567E}.Release|x86.Build.0 = Release|Any CPU
		{0C827E25-120B-403E-938B-05EC965F5E55}.Debug|Any CPU.ActiveCfg = Debug|Any CPU
		{0C827E25-120B-403E-938B-05EC965F5E55}.Debug|Any CPU.Build.0 = Debug|Any CPU
		{0C827E25-120B-403E-938B-05EC965F5E55}.Debug|x64.ActiveCfg = Debug|Any CPU
		{0C827E25-120B-403E-938B-05EC965F5E55}.Debug|x64.Build.0 = Debug|Any CPU
		{0C827E25-120B-403E-938B-05EC965F5E55}.Debug|x86.ActiveCfg = Debug|Any CPU
		{0C827E25-120B-403E-938B-05EC965F5E55}.Debug|x86.Build.0 = Debug|Any CPU
		{0C827E25-120B-403E-938B-05EC965F5E55}.Release|Any CPU.ActiveCfg = Release|Any CPU
		{0C827E25-120B-403E-938B-05EC965F5E55}.Release|Any CPU.Build.0 = Release|Any CPU
		{0C827E25-120B-403E-938B-05EC965F5E55}.Release|x64.ActiveCfg = Release|Any CPU
		{0C827E25-120B-403E-938B-05EC965F5E55}.Release|x64.Build.0 = Release|Any CPU
		{0C827E25-120B-403E-938B-05EC965F5E55}.Release|x86.ActiveCfg = Release|Any CPU
		{0C827E25-120B-403E-938B-05EC965F5E55}.Release|x86.Build.0 = Release|Any CPU
		{8858AEB5-5808-4BE3-A6E4-C90F84275EAD}.Debug|Any CPU.ActiveCfg = Debug|Any CPU
		{8858AEB5-5808-4BE3-A6E4-C90F84275EAD}.Debug|Any CPU.Build.0 = Debug|Any CPU
		{8858AEB5-5808-4BE3-A6E4-C90F84275EAD}.Debug|x64.ActiveCfg = Debug|Any CPU
		{8858AEB5-5808-4BE3-A6E4-C90F84275EAD}.Debug|x64.Build.0 = Debug|Any CPU
		{8858AEB5-5808-4BE3-A6E4-C90F84275EAD}.Debug|x86.ActiveCfg = Debug|Any CPU
		{8858AEB5-5808-4BE3-A6E4-C90F84275EAD}.Debug|x86.Build.0 = Debug|Any CPU
		{8858AEB5-5808-4BE3-A6E4-C90F84275EAD}.Release|Any CPU.ActiveCfg = Release|Any CPU
		{8858AEB5-5808-4BE3-A6E4-C90F84275EAD}.Release|Any CPU.Build.0 = Release|Any CPU
		{8858AEB5-5808-4BE3-A6E4-C90F84275EAD}.Release|x64.ActiveCfg = Release|Any CPU
		{8858AEB5-5808-4BE3-A6E4-C90F84275EAD}.Release|x64.Build.0 = Release|Any CPU
		{8858AEB5-5808-4BE3-A6E4-C90F84275EAD}.Release|x86.ActiveCfg = Release|Any CPU
		{8858AEB5-5808-4BE3-A6E4-C90F84275EAD}.Release|x86.Build.0 = Release|Any CPU
		{C17B4B4C-7A57-487D-B71C-D36217D4204C}.Debug|Any CPU.ActiveCfg = Debug|Any CPU
		{C17B4B4C-7A57-487D-B71C-D36217D4204C}.Debug|Any CPU.Build.0 = Debug|Any CPU
		{C17B4B4C-7A57-487D-B71C-D36217D4204C}.Debug|x64.ActiveCfg = Debug|Any CPU
		{C17B4B4C-7A57-487D-B71C-D36217D4204C}.Debug|x64.Build.0 = Debug|Any CPU
		{C17B4B4C-7A57-487D-B71C-D36217D4204C}.Debug|x86.ActiveCfg = Debug|Any CPU
		{C17B4B4C-7A57-487D-B71C-D36217D4204C}.Debug|x86.Build.0 = Debug|Any CPU
		{C17B4B4C-7A57-487D-B71C-D36217D4204C}.Release|Any CPU.ActiveCfg = Release|Any CPU
		{C17B4B4C-7A57-487D-B71C-D36217D4204C}.Release|Any CPU.Build.0 = Release|Any CPU
		{C17B4B4C-7A57-487D-B71C-D36217D4204C}.Release|x64.ActiveCfg = Release|Any CPU
		{C17B4B4C-7A57-487D-B71C-D36217D4204C}.Release|x64.Build.0 = Release|Any CPU
		{C17B4B4C-7A57-487D-B71C-D36217D4204C}.Release|x86.ActiveCfg = Release|Any CPU
		{C17B4B4C-7A57-487D-B71C-D36217D4204C}.Release|x86.Build.0 = Release|Any CPU
		{A0A5DA2A-852D-439D-868A-933589430E7A}.Debug|Any CPU.ActiveCfg = Debug|Any CPU
		{A0A5DA2A-852D-439D-868A-933589430E7A}.Debug|Any CPU.Build.0 = Debug|Any CPU
		{A0A5DA2A-852D-439D-868A-933589430E7A}.Debug|x64.ActiveCfg = Debug|Any CPU
		{A0A5DA2A-852D-439D-868A-933589430E7A}.Debug|x64.Build.0 = Debug|Any CPU
		{A0A5DA2A-852D-439D-868A-933589430E7A}.Debug|x86.ActiveCfg = Debug|Any CPU
		{A0A5DA2A-852D-439D-868A-933589430E7A}.Debug|x86.Build.0 = Debug|Any CPU
		{A0A5DA2A-852D-439D-868A-933589430E7A}.Release|Any CPU.ActiveCfg = Release|Any CPU
		{A0A5DA2A-852D-439D-868A-933589430E7A}.Release|Any CPU.Build.0 = Release|Any CPU
		{A0A5DA2A-852D-439D-868A-933589430E7A}.Release|x64.ActiveCfg = Release|Any CPU
		{A0A5DA2A-852D-439D-868A-933589430E7A}.Release|x64.Build.0 = Release|Any CPU
		{A0A5DA2A-852D-439D-868A-933589430E7A}.Release|x86.ActiveCfg = Release|Any CPU
		{A0A5DA2A-852D-439D-868A-933589430E7A}.Release|x86.Build.0 = Release|Any CPU
		{3C1FDA14-B571-411A-BBDD-E265EA801E04}.Debug|Any CPU.ActiveCfg = Debug|Any CPU
		{3C1FDA14-B571-411A-BBDD-E265EA801E04}.Debug|Any CPU.Build.0 = Debug|Any CPU
		{3C1FDA14-B571-411A-BBDD-E265EA801E04}.Debug|x64.ActiveCfg = Debug|Any CPU
		{3C1FDA14-B571-411A-BBDD-E265EA801E04}.Debug|x64.Build.0 = Debug|Any CPU
		{3C1FDA14-B571-411A-BBDD-E265EA801E04}.Debug|x86.ActiveCfg = Debug|Any CPU
		{3C1FDA14-B571-411A-BBDD-E265EA801E04}.Debug|x86.Build.0 = Debug|Any CPU
		{3C1FDA14-B571-411A-BBDD-E265EA801E04}.Release|Any CPU.ActiveCfg = Release|Any CPU
		{3C1FDA14-B571-411A-BBDD-E265EA801E04}.Release|Any CPU.Build.0 = Release|Any CPU
		{3C1FDA14-B571-411A-BBDD-E265EA801E04}.Release|x64.ActiveCfg = Release|Any CPU
		{3C1FDA14-B571-411A-BBDD-E265EA801E04}.Release|x64.Build.0 = Release|Any CPU
		{3C1FDA14-B571-411A-BBDD-E265EA801E04}.Release|x86.ActiveCfg = Release|Any CPU
		{3C1FDA14-B571-411A-BBDD-E265EA801E04}.Release|x86.Build.0 = Release|Any CPU
	EndGlobalSection
	GlobalSection(SolutionProperties) = preSolution
		HideSolutionNode = FALSE
	EndGlobalSection
EndGlobal
